
Microsoft Visual Studio Solution File, Format Version 12.00
# Visual Studio 2015
Project("{FAE04EC0-301F-11D3-BF4B-00C04F79EFBC}") = "BlasterHacker.Plugins", "BlasterHacker.Plugins.csproj", "{AD372379-7021-4AC4-5BAF-995DC487E293}"
EndProject
Project("{FAE04EC0-301F-11D3-BF4B-00C04F79EFBC}") = "BlasterHacker", "BlasterHacker.csproj", "{7429F0A6-27D7-7444-9E23-EF101937E8CB}"
EndProject
Project("{FAE04EC0-301F-11D3-BF4B-00C04F79EFBC}") = "BlasterHacker.Editor.Plugins", "BlasterHacker.Editor.Plugins.csproj", "{7F732B36-809C-285D-35E5-C299800EAF4D}"
EndProject
Global
	GlobalSection(SolutionConfigurationPlatforms) = preSolution
		Debug|Any CPU = Debug|Any CPU
		Release|Any CPU = Release|Any CPU
	EndGlobalSection
	GlobalSection(ProjectConfigurationPlatforms) = postSolution
		{AD372379-7021-4AC4-5BAF-995DC487E293}.Debug|Any CPU.ActiveCfg = Debug|Any CPU
		{AD372379-7021-4AC4-5BAF-995DC487E293}.Debug|Any CPU.Build.0 = Debug|Any CPU
		{AD372379-7021-4AC4-5BAF-995DC487E293}.Release|Any CPU.ActiveCfg = Release|Any CPU
		{AD372379-7021-4AC4-5BAF-995DC487E293}.Release|Any CPU.Build.0 = Release|Any CPU
		{7429F0A6-27D7-7444-9E23-EF101937E8CB}.Debug|Any CPU.ActiveCfg = Debug|Any CPU
		{7429F0A6-27D7-7444-9E23-EF101937E8CB}.Debug|Any CPU.Build.0 = Debug|Any CPU
		{7429F0A6-27D7-7444-9E23-EF101937E8CB}.Release|Any CPU.ActiveCfg = Release|Any CPU
		{7429F0A6-27D7-7444-9E23-EF101937E8CB}.Release|Any CPU.Build.0 = Release|Any CPU
		{7F732B36-809C-285D-35E5-C299800EAF4D}.Debug|Any CPU.ActiveCfg = Debug|Any CPU
		{7F732B36-809C-285D-35E5-C299800EAF4D}.Debug|Any CPU.Build.0 = Debug|Any CPU
		{7F732B36-809C-285D-35E5-C299800EAF4D}.Release|Any CPU.ActiveCfg = Release|Any CPU
		{7F732B36-809C-285D-35E5-C299800EAF4D}.Release|Any CPU.Build.0 = Release|Any CPU
	EndGlobalSection
	GlobalSection(SolutionProperties) = preSolution
		HideSolutionNode = FALSE
	EndGlobalSection
EndGlobal
